// !$*UTF8*$!
{
	archiveVersion = 1;
	classes = {
	};
	objectVersion = 50;
	objects = {

/* Begin PBXBuildFile section */
		4262A0562360E7BC00F41826 /* RectangleViewController.swift in Sources */ = {isa = PBXBuildFile; fileRef = 4262A0552360E7BC00F41826 /* RectangleViewController.swift */; };
		4262A0582360E8BA00F41826 /* CircleViewController.swift in Sources */ = {isa = PBXBuildFile; fileRef = 4262A0572360E8BA00F41826 /* CircleViewController.swift */; };
		4262A05A2360E8DA00F41826 /* ParallelogramViewController.swift in Sources */ = {isa = PBXBuildFile; fileRef = 4262A0592360E8DA00F41826 /* ParallelogramViewController.swift */; };
		42CA85122357E85800FFF332 /* AppDelegate.swift in Sources */ = {isa = PBXBuildFile; fileRef = 42CA85112357E85800FFF332 /* AppDelegate.swift */; };
		42CA85142357E85800FFF332 /* MainViewController.swift in Sources */ = {isa = PBXBuildFile; fileRef = 42CA85132357E85800FFF332 /* MainViewController.swift */; };
		42CA85172357E85800FFF332 /* Main.storyboard in Resources */ = {isa = PBXBuildFile; fileRef = 42CA85152357E85800FFF332 /* Main.storyboard */; };
		42CA85192357E85B00FFF332 /* Assets.xcassets in Resources */ = {isa = PBXBuildFile; fileRef = 42CA85182357E85B00FFF332 /* Assets.xcassets */; };
		42CA851C2357E85B00FFF332 /* LaunchScreen.storyboard in Resources */ = {isa = PBXBuildFile; fileRef = 42CA851A2357E85B00FFF332 /* LaunchScreen.storyboard */; };
/* End PBXBuildFile section */

/* Begin PBXFileReference section */
		4262A0552360E7BC00F41826 /* RectangleViewController.swift */ = {isa = PBXFileReference; lastKnownFileType = sourcecode.swift; path = RectangleViewController.swift; sourceTree = "<group>"; };
		4262A0572360E8BA00F41826 /* CircleViewController.swift */ = {isa = PBXFileReference; lastKnownFileType = sourcecode.swift; path = CircleViewController.swift; sourceTree = "<group>"; };
		4262A0592360E8DA00F41826 /* ParallelogramViewController.swift */ = {isa = PBXFileReference; lastKnownFileType = sourcecode.swift; path = ParallelogramViewController.swift; sourceTree = "<group>"; };
		42CA850E2357E85800FFF332 /* Area Helper.app */ = {isa = PBXFileReference; explicitFileType = wrapper.application; includeInIndex = 0; path = "Area Helper.app"; sourceTree = BUILT_PRODUCTS_DIR; };
		42CA85112357E85800FFF332 /* AppDelegate.swift */ = {isa = PBXFileReference; lastKnownFileType = sourcecode.swift; path = AppDelegate.swift; sourceTree = "<group>"; };
		42CA85132357E85800FFF332 /* MainViewController.swift */ = {isa = PBXFileReference; lastKnownFileType = sourcecode.swift; path = MainViewController.swift; sourceTree = "<group>"; };
		42CA85162357E85800FFF332 /* Base */ = {isa = PBXFileReference; lastKnownFileType = file.storyboard; name = Base; path = Base.lproj/Main.storyboard; sourceTree = "<group>"; };
		42CA85182357E85B00FFF332 /* Assets.xcassets */ = {isa = PBXFileReference; lastKnownFileType = folder.assetcatalog; path = Assets.xcassets; sourceTree = "<group>"; };
		42CA851B2357E85B00FFF332 /* Base */ = {isa = PBXFileReference; lastKnownFileType = file.storyboard; name = Base; path = Base.lproj/LaunchScreen.storyboard; sourceTree = "<group>"; };
		42CA851D2357E85B00FFF332 /* Info.plist */ = {isa = PBXFileReference; lastKnownFileType = text.plist.xml; path = Info.plist; sourceTree = "<group>"; };
/* End PBXFileReference section */

/* Begin PBXFrameworksBuildPhase section */
		42CA850B2357E85800FFF332 /* Frameworks */ = {
			isa = PBXFrameworksBuildPhase;
			buildActionMask = 2147483647;
			files = (
			);
			runOnlyForDeploymentPostprocessing = 0;
		};
/* End PBXFrameworksBuildPhase section */

/* Begin PBXGroup section */
		42CA85052357E85800FFF332 = {
			isa = PBXGroup;
			children = (
				42CA85102357E85800FFF332 /* Area Helper */,
				42CA850F2357E85800FFF332 /* Products */,
			);
			sourceTree = "<group>";
		};
		42CA850F2357E85800FFF332 /* Products */ = {
			isa = PBXGroup;
			children = (
				42CA850E2357E85800FFF332 /* Area Helper.app */,
			);
			name = Products;
			sourceTree = "<group>";
		};
		42CA85102357E85800FFF332 /* Area Helper */ = {
			isa = PBXGroup;
			children = (
				42CA85112357E85800FFF332 /* AppDelegate.swift */,
				42CA85132357E85800FFF332 /* MainViewController.swift */,
				4262A0552360E7BC00F41826 /* RectangleViewController.swift */,
				4262A0572360E8BA00F41826 /* CircleViewController.swift */,
				4262A0592360E8DA00F41826 /* ParallelogramViewController.swift */,
				42CA85152357E85800FFF332 /* Main.storyboard */,
				42CA85182357E85B00FFF332 /* Assets.xcassets */,
				42CA851A2357E85B00FFF332 /* LaunchScreen.storyboard */,
				42CA851D2357E85B00FFF332 /* Info.plist */,
			);
			path = "Area Helper";
			sourceTree = "<group>";
		};
/* End PBXGroup section */

/* Begin PBXNativeTarget section */
		42CA850D2357E85800FFF332 /* Area Helper */ = {
			isa = PBXNativeTarget;
			buildConfigurationList = 42CA85202357E85B00FFF332 /* Build configuration list for PBXNativeTarget "Area Helper" */;
			buildPhases = (
				42CA850A2357E85800FFF332 /* Sources */,
				42CA850B2357E85800FFF332 /* Frameworks */,
				42CA850C2357E85800FFF332 /* Resources */,
			);
			buildRules = (
			);
			dependencies = (
			);
			name = "Area Helper";
			productName = "Area Helper";
			productReference = 42CA850E2357E85800FFF332 /* Area Helper.app */;
			productType = "com.apple.product-type.application";
		};
/* End PBXNativeTarget section */

/* Begin PBXProject section */
		42CA85062357E85800FFF332 /* Project object */ = {
			isa = PBXProject;
			attributes = {
				LastSwiftUpdateCheck = 1030;
				LastUpgradeCheck = 1030;
				ORGANIZATIONNAME = "Liu Jason";
				TargetAttributes = {
					42CA850D2357E85800FFF332 = {
						CreatedOnToolsVersion = 10.3;
					};
				};
			};
			buildConfigurationList = 42CA85092357E85800FFF332 /* Build configuration list for PBXProject "Area Helper" */;
			compatibilityVersion = "Xcode 9.3";
			developmentRegion = en;
			hasScannedForEncodings = 0;
			knownRegions = (
				en,
				Base,
			);
			mainGroup = 42CA85052357E85800FFF332;
			productRefGroup = 42CA850F2357E85800FFF332 /* Products */;
			projectDirPath = "";
			projectRoot = "";
			targets = (
				42CA850D2357E85800FFF332 /* Area Helper */,
			);
		};
/* End PBXProject section */

/* Begin PBXResourcesBuildPhase section */
		42CA850C2357E85800FFF332 /* Resources */ = {
			isa = PBXResourcesBuildPhase;
			buildActionMask = 2147483647;
			files = (
				42CA851C2357E85B00FFF332 /* LaunchScreen.storyboard in Resources */,
				42CA85192357E85B00FFF332 /* Assets.xcassets in Resources */,
				42CA85172357E85800FFF332 /* Main.storyboard in Resources */,
			);
			runOnlyForDeploymentPostprocessing = 0;
		};
/* End PBXResourcesBuildPhase section */

/* Begin PBXSourcesBuildPhase section */
		42CA850A2357E85800FFF332 /* Sources */ = {
			isa = PBXSourcesBuildPhase;
			buildActionMask = 2147483647;
			files = (
				42CA85142357E85800FFF332 /* MainViewController.swift in Sources */,
				4262A0562360E7BC00F41826 /* RectangleViewController.swift in Sources */,
				4262A05A2360E8DA00F41826 /* ParallelogramViewController.swift in Sources */,
				4262A0582360E8BA00F41826 /* CircleViewController.swift in Sources */,
				42CA85122357E85800FFF332 /* AppDelegate.swift in Sources */,
			);
			runOnlyForDeploymentPostprocessing = 0;
		};
/* End PBXSourcesBuildPhase section */

/* Begin PBXVariantGroup section */
		42CA85152357E85800FFF332 /* Main.storyboard */ = {
			isa = PBXVariantGroup;
			children = (
				42CA85162357E85800FFF332 /* Base */,
			);
			name = Main.storyboard;
			sourceTree = "<group>";
		};
		42CA851A2357E85B00FFF332 /* LaunchScreen.storyboard */ = {
			isa = PBXVariantGroup;
			children = (
				42CA851B2357E85B00FFF332 /* Base */,
			);
			name = LaunchScreen.storyboard;
			sourceTree = "<group>";
		};
/* End PBXVariantGroup section */

/* Begin XCBuildConfiguration section */
		42CA851E2357E85B00FFF332 /* Debug */ = {
			isa = XCBuildConfiguration;
			buildSettings = {
				ALWAYS_SEARCH_USER_PATHS = NO;
				CLANG_ANALYZER_NONNULL = YES;
				CLANG_ANALYZER_NUMBER_OBJECT_CONVERSION = YES_AGGRESSIVE;
				CLANG_CXX_LANGUAGE_STANDARD = "gnu++14";
				CLANG_CXX_LIBRARY = "libc++";
				CLANG_ENABLE_MODULES = YES;
				CLANG_ENABLE_OBJC_ARC = YES;
				CLANG_ENABLE_OBJC_WEAK = YES;
				CLANG_WARN_BLOCK_CAPTURE_AUTORELEASING = YES;
				CLANG_WARN_BOOL_CONVERSION = YES;
				CLANG_WARN_COMMA = YES;
				CLANG_WARN_CONSTANT_CONVERSION = YES;
				CLANG_WARN_DEPRECATED_OBJC_IMPLEMENTATIONS = YES;
				CLANG_WARN_DIRECT_OBJC_ISA_USAGE = YES_ERROR;
				CLANG_WARN_DOCUMENTATION_COMMENTS = YES;
				CLANG_WARN_EMPTY_BODY = YES;
				CLANG_WARN_ENUM_CONVERSION = YES;
				CLANG_WARN_INFINITE_RECURSION = YES;
				CLANG_WARN_INT_CONVERSION = YES;
				CLANG_WARN_NON_LITERAL_NULL_CONVERSION = YES;
				CLANG_WARN_OBJC_IMPLICIT_RETAIN_SELF = YES;
				CLANG_WARN_OBJC_LITERAL_CONVERSION = YES;
				CLANG_WARN_OBJC_ROOT_CLASS = YES_ERROR;
				CLANG_WARN_RANGE_LOOP_ANALYSIS = YES;
				CLANG_WARN_STRICT_PROTOTYPES = YES;
				CLANG_WARN_SUSPICIOUS_MOVE = YES;
				CLANG_WARN_UNGUARDED_AVAILABILITY = YES_AGGRESSIVE;
				CLANG_WARN_UNREACHABLE_CODE = YES;
				CLANG_WARN__DUPLICATE_METHOD_MATCH = YES;
				CODE_SIGN_IDENTITY = "iPhone Developer";
				COPY_PHASE_STRIP = NO;
				DEBUG_INFORMATION_FORMAT = dwarf;
				ENABLE_STRICT_OBJC_MSGSEND = YES;
				ENABLE_TESTABILITY = YES;
				GCC_C_LANGUAGE_STANDARD = gnu11;
				GCC_DYNAMIC_NO_PIC = NO;
				GCC_NO_COMMON_BLOCKS = YES;
				GCC_OPTIMIZATION_LEVEL = 0;
				GCC_PREPROCESSOR_DEFINITIONS = (
					"DEBUG=1",
					"$(inherited)",
				);
				GCC_WARN_64_TO_32_BIT_CONVERSION = YES;
				GCC_WARN_ABOUT_RETURN_TYPE = YES_ERROR;
				GCC_WARN_UNDECLARED_SELECTOR = YES;
				GCC_WARN_UNINITIALIZED_AUTOS = YES_AGGRESSIVE;
				GCC_WARN_UNUSED_FUNCTION = YES;
				GCC_WARN_UNUSED_VARIABLE = YES;
				IPHONEOS_DEPLOYMENT_TARGET = 12.4;
				MTL_ENABLE_DEBUG_INFO = INCLUDE_SOURCE;
				MTL_FAST_MATH = YES;
				ONLY_ACTIVE_ARCH = YES;
				SDKROOT = iphoneos;
				SWIFT_ACTIVE_COMPILATION_CONDITIONS = DEBUG;
				SWIFT_OPTIMIZATION_LEVEL = "-Onone";
			};
			name = Debug;
		};
		42CA851F2357E85B00FFF332 /* Release */ = {
			isa = XCBuildConfiguration;
			buildSettings = {
				ALWAYS_SEARCH_USER_PATHS = NO;
				CLANG_ANALYZER_NONNULL = YES;
				CLANG_ANALYZER_NUMBER_OBJECT_CONVERSION = YES_AGGRESSIVE;
				CLANG_CXX_LANGUAGE_STANDARD = "gnu++14";
				CLANG_CXX_LIBRARY = "libc++";
				CLANG_ENABLE_MODULES = YES;
				CLANG_ENABLE_OBJC_ARC = YES;
				CLANG_ENABLE_OBJC_WEAK = YES;
				CLANG_WARN_BLOCK_CAPTURE_AUTORELEASING = YES;
				CLANG_WARN_BOOL_CONVERSION = YES;
				CLANG_WARN_COMMA = YES;
				CLANG_WARN_CONSTANT_CONVERSION = YES;
				CLANG_WARN_DEPRECATED_OBJC_IMPLEMENTATIONS = YES;
				CLANG_WARN_DIRECT_OBJC_ISA_USAGE = YES_ERROR;
				CLANG_WARN_DOCUMENTATION_COMMENTS = YES;
				CLANG_WARN_EMPTY_BODY = YES;
				CLANG_WARN_ENUM_CONVERSION = YES;
				CLANG_WARN_INFINITE_RECURSION = YES;
				CLANG_WARN_INT_CONVERSION = YES;
				CLANG_WARN_NON_LITERAL_NULL_CONVERSION = YES;
				CLANG_WARN_OBJC_IMPLICIT_RETAIN_SELF = YES;
				CLANG_WARN_OBJC_LITERAL_CONVERSION = YES;
				CLANG_WARN_OBJC_ROOT_CLASS = YES_ERROR;
				CLANG_WARN_RANGE_LOOP_ANALYSIS = YES;
				CLANG_WARN_STRICT_PROTOTYPES = YES;
				CLANG_WARN_SUSPICIOUS_MOVE = YES;
				CLANG_WARN_UNGUARDED_AVAILABILITY = YES_AGGRESSIVE;
				CLANG_WARN_UNREACHABLE_CODE = YES;
				CLANG_WARN__DUPLICATE_METHOD_MATCH = YES;
				CODE_SIGN_IDENTITY = "iPhone Developer";
				COPY_PHASE_STRIP = NO;
				DEBUG_INFORMATION_FORMAT = "dwarf-with-dsym";
				ENABLE_NS_ASSERTIONS = NO;
				ENABLE_STRICT_OBJC_MSGSEND = YES;
				GCC_C_LANGUAGE_STANDARD = gnu11;
				GCC_NO_COMMON_BLOCKS = YES;
				GCC_WARN_64_TO_32_BIT_CONVERSION = YES;
				GCC_WARN_ABOUT_RETURN_TYPE = YES_ERROR;
				GCC_WARN_UNDECLARED_SELECTOR = YES;
				GCC_WARN_UNINITIALIZED_AUTOS = YES_AGGRESSIVE;
				GCC_WARN_UNUSED_FUNCTION = YES;
				GCC_WARN_UNUSED_VARIABLE = YES;
				IPHONEOS_DEPLOYMENT_TARGET = 12.4;
				MTL_ENABLE_DEBUG_INFO = NO;
				MTL_FAST_MATH = YES;
				SDKROOT = iphoneos;
				SWIFT_COMPILATION_MODE = wholemodule;
				SWIFT_OPTIMIZATION_LEVEL = "-O";
				VALIDATE_PRODUCT = YES;
			};
			name = Release;
		};
		42CA85212357E85B00FFF332 /* Debug */ = {
			isa = XCBuildConfiguration;
			buildSettings = {
				ASSETCATALOG_COMPILER_APPICON_NAME = AppIcon;
				CODE_SIGN_STYLE = Automatic;
				DEVELOPMENT_TEAM = QGT2AVT3WN;
				INFOPLIST_FILE = "Area Helper/Info.plist";
				LD_RUNPATH_SEARCH_PATHS = (
					"$(inherited)",
					"@executable_path/Frameworks",
				);
				PRODUCT_BUNDLE_IDENTIFIER = "ca.jason.liu.Area-Helper";
				PRODUCT_NAME = "$(TARGET_NAME)";
				SWIFT_VERSION = 5.0;
				TARGETED_DEVICE_FAMILY = "1,2";
			};
			name = Debug;
		};
		42CA85222357E85B00FFF332 /* Release */ = {
			isa = XCBuildConfiguration;
			buildSettings = {
				ASSETCATALOG_COMPILER_APPICON_NAME = AppIcon;
				CODE_SIGN_STYLE = Automatic;
				DEVELOPMENT_TEAM = QGT2AVT3WN;
				INFOPLIST_FILE = "Area Helper/Info.plist";
				LD_RUNPATH_SEARCH_PATHS = (
					"$(inherited)",
					"@executable_path/Frameworks",
				);
				PRODUCT_BUNDLE_IDENTIFIER = "ca.jason.liu.Area-Helper";
				PRODUCT_NAME = "$(TARGET_NAME)";
				SWIFT_VERSION = 5.0;
				TARGETED_DEVICE_FAMILY = "1,2";
			};
			name = Release;
		};
/* End XCBuildConfiguration section */

/* Begin XCConfigurationList section */
		42CA85092357E85800FFF332 /* Build configuration list for PBXProject "Area Helper" */ = {
			isa = XCConfigurationList;
			buildConfigurations = (
				42CA851E2357E85B00FFF332 /* Debug */,
				42CA851F2357E85B00FFF332 /* Release */,
			);
			defaultConfigurationIsVisible = 0;
			defaultConfigurationName = Release;
		};
		42CA85202357E85B00FFF332 /* Build configuration list for PBXNativeTarget "Area Helper" */ = {
			isa = XCConfigurationList;
			buildConfigurations = (
				42CA85212357E85B00FFF332 /* Debug */,
				42CA85222357E85B00FFF332 /* Release */,
			);
			defaultConfigurationIsVisible = 0;
			defaultConfigurationName = Release;
		};
/* End XCConfigurationList section */
	};
	rootObject = 42CA85062357E85800FFF332 /* Project object */;
}
